
Microsoft Visual Studio Solution File, Format Version 12.00
Project("{FAE04EC0-301F-11D3-BF4B-00C04F79EFBC}") = "RefactorThisApp", "RefactorThisApp\RefactorThisApp.csproj", "{386C2C86-A4BA-438E-AC5F-A6FDB30FC79C}"
EndProject
Global
	GlobalSection(SolutionConfigurationPlatforms) = preSolution
		Debug|Any CPU = Debug|Any CPU
		Release|Any CPU = Release|Any CPU
	EndGlobalSection
	GlobalSection(ProjectConfigurationPlatforms) = postSolution
		{386C2C86-A4BA-438E-AC5F-A6FDB30FC79C}.Debug|Any CPU.ActiveCfg = Debug|Any CPU
		{386C2C86-A4BA-438E-AC5F-A6FDB30FC79C}.Debug|Any CPU.Build.0 = Debug|Any CPU
		{386C2C86-A4BA-438E-AC5F-A6FDB30FC79C}.Release|Any CPU.ActiveCfg = Release|Any CPU
		{386C2C86-A4BA-438E-AC5F-A6FDB30FC79C}.Release|Any CPU.Build.0 = Release|Any CPU
	EndGlobalSection
EndGlobal
